{
  "name": "Agrovibes",
  "lockfileVersion": 3,
  "requires": true,
  "packages": {
    "": {
      "dependencies": {
        "react-native-reanimated-carousel": "^4.0.3"
      }
    },
    "node_modules/react-native-reanimated-carousel": {
      "version": "4.0.3",
      "resolved": "https://registry.npmjs.org/react-native-reanimated-carousel/-/react-native-reanimated-carousel-4.0.3.tgz",
      "integrity": "sha512-YZXlvZNghR5shFcI9hTA7h7bEhh97pfUSLZvLBAshpbkuYwJDKmQXejO/199T6hqGq0wCRwR0CWf2P4Vs6A4Fw==",
      "license": "MIT",
      "peerDependencies": {
        "react": ">=18.0.0",
        "react-native": ">=0.70.3",
        "react-native-gesture-handler": ">=2.9.0",
        "react-native-reanimated": ">=3.0.0"
      }
    }
  }
}
